
Microsoft Visual Studio Solution File, Format Version 12.00
# Visual Studio Version 16
VisualStudioVersion = 16.0.31702.278
MinimumVisualStudioVersion = 10.0.40219.1
Project("{FAE04EC0-301F-11D3-BF4B-00C04F79EFBC}") = "FinalApi", "FinalApi\FinalApi.csproj", "{1B61AC7D-8815-48C3-9DE0-F2B64565B594}"
EndProject
Global
	GlobalSection(SolutionConfigurationPlatforms) = preSolution
		Debug|Any CPU = Debug|Any CPU
		Release|Any CPU = Release|Any CPU
	EndGlobalSection
	GlobalSection(ProjectConfigurationPlatforms) = postSolution
		{1B61AC7D-8815-48C3-9DE0-F2B64565B594}.Debug|Any CPU.ActiveCfg = Debug|Any CPU
		{1B61AC7D-8815-48C3-9DE0-F2B64565B594}.Debug|Any CPU.Build.0 = Debug|Any CPU
		{1B61AC7D-8815-48C3-9DE0-F2B64565B594}.Release|Any CPU.ActiveCfg = Release|Any CPU
		{1B61AC7D-8815-48C3-9DE0-F2B64565B594}.Release|Any CPU.Build.0 = Release|Any CPU
	EndGlobalSection
	GlobalSection(SolutionProperties) = preSolution
		HideSolutionNode = FALSE
	EndGlobalSection
	GlobalSection(ExtensibilityGlobals) = postSolution
		SolutionGuid = {AE9F39CB-F98F-47A3-8575-27E16E09FB7F}
	EndGlobalSection
EndGlobal
